
Microsoft Visual Studio Solution File, Format Version 12.00
# Visual Studio Version 16
VisualStudioVersion = 16.0.33801.447
MinimumVisualStudioVersion = 10.0.40219.1
Project("{FAE04EC0-301F-11D3-BF4B-00C04F79EFBC}") = "ass3Assessment6Collections", "ass3Assessment6Collections\ass3Assessment6Collections.csproj", "{84DC7DCF-D399-443C-8710-CF0502AFC95C}"
EndProject
Global
	GlobalSection(SolutionConfigurationPlatforms) = preSolution
		Debug|Any CPU = Debug|Any CPU
		Release|Any CPU = Release|Any CPU
	EndGlobalSection
	GlobalSection(ProjectConfigurationPlatforms) = postSolution
		{84DC7DCF-D399-443C-8710-CF0502AFC95C}.Debug|Any CPU.ActiveCfg = Debug|Any CPU
		{84DC7DCF-D399-443C-8710-CF0502AFC95C}.Debug|Any CPU.Build.0 = Debug|Any CPU
		{84DC7DCF-D399-443C-8710-CF0502AFC95C}.Release|Any CPU.ActiveCfg = Release|Any CPU
		{84DC7DCF-D399-443C-8710-CF0502AFC95C}.Release|Any CPU.Build.0 = Release|Any CPU
	EndGlobalSection
	GlobalSection(SolutionProperties) = preSolution
		HideSolutionNode = FALSE
	EndGlobalSection
	GlobalSection(ExtensibilityGlobals) = postSolution
		SolutionGuid = {5ADF5AA7-F4EB-4D46-8193-5220E3FAE042}
	EndGlobalSection
EndGlobal
